
Microsoft Visual Studio Solution File, Format Version 12.00
# Visual Studio 15
VisualStudioVersion = 15.0.27703.2047
MinimumVisualStudioVersion = 10.0.40219.1
Project("{9A19103F-16F7-4668-BE54-9A1E7A4F7556}") = "SkillTrackerSer", "SkillTrackerSer\SkillTrackerSer.csproj", "{251820E0-CAB5-4151-BB04-18B16A1E70FA}"
EndProject
Project("{FAE04EC0-301F-11D3-BF4B-00C04F79EFBC}") = "SkillTrackerRepository", "SkillTrackerRepository\SkillTrackerRepository.csproj", "{ABEB2EA1-D71D-4AAE-AB8F-9652DCB5666C}"
EndProject
Project("{FAE04EC0-301F-11D3-BF4B-00C04F79EFBC}") = "DataModel", "DataModel\DataModel.csproj", "{A4862C12-A219-4316-ABEB-E98FF01BB5D5}"
EndProject
Project("{FAE04EC0-301F-11D3-BF4B-00C04F79EFBC}") = "SkilltrackerSer.BusinessLayer", "SkilltrackerSer.BusinessLayer\SkilltrackerSer.BusinessLayer.csproj", "{447F96E0-BF70-46B1-89D5-246E3F182B87}"
EndProject
Global
	GlobalSection(SolutionConfigurationPlatforms) = preSolution
		Debug|Any CPU = Debug|Any CPU
		Release|Any CPU = Release|Any CPU
	EndGlobalSection
	GlobalSection(ProjectConfigurationPlatforms) = postSolution
		{251820E0-CAB5-4151-BB04-18B16A1E70FA}.Debug|Any CPU.ActiveCfg = Debug|Any CPU
		{251820E0-CAB5-4151-BB04-18B16A1E70FA}.Debug|Any CPU.Build.0 = Debug|Any CPU
		{251820E0-CAB5-4151-BB04-18B16A1E70FA}.Release|Any CPU.ActiveCfg = Release|Any CPU
		{251820E0-CAB5-4151-BB04-18B16A1E70FA}.Release|Any CPU.Build.0 = Release|Any CPU
		{ABEB2EA1-D71D-4AAE-AB8F-9652DCB5666C}.Debug|Any CPU.ActiveCfg = Debug|Any CPU
		{ABEB2EA1-D71D-4AAE-AB8F-9652DCB5666C}.Debug|Any CPU.Build.0 = Debug|Any CPU
		{ABEB2EA1-D71D-4AAE-AB8F-9652DCB5666C}.Release|Any CPU.ActiveCfg = Release|Any CPU
		{ABEB2EA1-D71D-4AAE-AB8F-9652DCB5666C}.Release|Any CPU.Build.0 = Release|Any CPU
		{A4862C12-A219-4316-ABEB-E98FF01BB5D5}.Debug|Any CPU.ActiveCfg = Debug|Any CPU
		{A4862C12-A219-4316-ABEB-E98FF01BB5D5}.Debug|Any CPU.Build.0 = Debug|Any CPU
		{A4862C12-A219-4316-ABEB-E98FF01BB5D5}.Release|Any CPU.ActiveCfg = Release|Any CPU
		{A4862C12-A219-4316-ABEB-E98FF01BB5D5}.Release|Any CPU.Build.0 = Release|Any CPU
		{447F96E0-BF70-46B1-89D5-246E3F182B87}.Debug|Any CPU.ActiveCfg = Debug|Any CPU
		{447F96E0-BF70-46B1-89D5-246E3F182B87}.Debug|Any CPU.Build.0 = Debug|Any CPU
		{447F96E0-BF70-46B1-89D5-246E3F182B87}.Release|Any CPU.ActiveCfg = Release|Any CPU
		{447F96E0-BF70-46B1-89D5-246E3F182B87}.Release|Any CPU.Build.0 = Release|Any CPU
	EndGlobalSection
	GlobalSection(SolutionProperties) = preSolution
		HideSolutionNode = FALSE
	EndGlobalSection
	GlobalSection(ExtensibilityGlobals) = postSolution
		SolutionGuid = {980595D9-293E-46D3-8C1B-9A35283A6D7E}
	EndGlobalSection
EndGlobal
